{
  "name": "ai-metadata-cleaner",
  "version": "1.2.0",
  "lockfileVersion": 3,
  "requires": true,
  "packages": {
    "": {
      "name": "ai-metadata-cleaner",
      "version": "1.2.0",
      "cpu": [
        "x64",
        "arm64"
      ],
      "hasInstallScript": true,
      "license": "MIT",
      "os": [
        "darwin",
        "linux",
        "win32"
      ],
      "bin": {
        "ai-metadata-cleaner": "bin/ai-metadata-cleaner",
        "clean-ai-metadata": "bin/ai-metadata-cleaner"
      },
      "devDependencies": {},
      "engines": {
        "node": ">=14.0.0"
      }
    }
  }
}
